
Microsoft Visual Studio Solution File, Format Version 12.00
# Visual Studio Version 16
VisualStudioVersion = 16.0.31205.134
MinimumVisualStudioVersion = 10.0.40219.1
Project("{FAE04EC0-301F-11D3-BF4B-00C04F79EFBC}") = "DeweyHaveFun", "DeweyHaveFun.csproj", "{39B65424-6E9C-4298-BCB6-EF04C21449A6}"
EndProject
Global
	GlobalSection(SolutionConfigurationPlatforms) = preSolution
		Debug|Any CPU = Debug|Any CPU
		Release|Any CPU = Release|Any CPU
	EndGlobalSection
	GlobalSection(ProjectConfigurationPlatforms) = postSolution
		{39B65424-6E9C-4298-BCB6-EF04C21449A6}.Debug|Any CPU.ActiveCfg = Debug|Any CPU
		{39B65424-6E9C-4298-BCB6-EF04C21449A6}.Debug|Any CPU.Build.0 = Debug|Any CPU
		{39B65424-6E9C-4298-BCB6-EF04C21449A6}.Release|Any CPU.ActiveCfg = Release|Any CPU
		{39B65424-6E9C-4298-BCB6-EF04C21449A6}.Release|Any CPU.Build.0 = Release|Any CPU
	EndGlobalSection
	GlobalSection(SolutionProperties) = preSolution
		HideSolutionNode = FALSE
	EndGlobalSection
	GlobalSection(ExtensibilityGlobals) = postSolution
		SolutionGuid = {A6B1F84F-BBFF-4D0B-9E04-210EB8DE3064}
	EndGlobalSection
EndGlobal
